
Microsoft Visual Studio Solution File, Format Version 12.00
# Visual Studio 15
VisualStudioVersion = 15.0.28307.757
MinimumVisualStudioVersion = 10.0.40219.1
Project("{FAE04EC0-301F-11D3-BF4B-00C04F79EFBC}") = "Testing 1", "Testing 1\Testing 1.csproj", "{F27A54C2-5271-477B-AE13-CFA6AA8E6C8F}"
EndProject
Global
	GlobalSection(SolutionConfigurationPlatforms) = preSolution
		Debug|Any CPU = Debug|Any CPU
		Release|Any CPU = Release|Any CPU
	EndGlobalSection
	GlobalSection(ProjectConfigurationPlatforms) = postSolution
		{F27A54C2-5271-477B-AE13-CFA6AA8E6C8F}.Debug|Any CPU.ActiveCfg = Debug|Any CPU
		{F27A54C2-5271-477B-AE13-CFA6AA8E6C8F}.Debug|Any CPU.Build.0 = Debug|Any CPU
		{F27A54C2-5271-477B-AE13-CFA6AA8E6C8F}.Release|Any CPU.ActiveCfg = Release|Any CPU
		{F27A54C2-5271-477B-AE13-CFA6AA8E6C8F}.Release|Any CPU.Build.0 = Release|Any CPU
	EndGlobalSection
	GlobalSection(SolutionProperties) = preSolution
		HideSolutionNode = FALSE
	EndGlobalSection
	GlobalSection(ExtensibilityGlobals) = postSolution
		SolutionGuid = {B16BDB3E-1F17-45B4-AF9B-496185E33139}
	EndGlobalSection
EndGlobal
